
Microsoft Visual Studio Solution File, Format Version 12.00
# Visual Studio 15
Project("{FAE04EC0-301F-11D3-BF4B-00C04F79EFBC}") = "juros", "juros\juros.csproj", "{DF4E8AFA-22F9-489C-99AD-A6BBD40B0C37}"
EndProject
Global
	GlobalSection(SolutionConfigurationPlatforms) = preSolution
		Debug|Any CPU = Debug|Any CPU
		Release|Any CPU = Release|Any CPU
	EndGlobalSection
	GlobalSection(ProjectConfigurationPlatforms) = postSolution
		{DF4E8AFA-22F9-489C-99AD-A6BBD40B0C37}.Debug|Any CPU.ActiveCfg = Debug|Any CPU
		{DF4E8AFA-22F9-489C-99AD-A6BBD40B0C37}.Debug|Any CPU.Build.0 = Debug|Any CPU
		{DF4E8AFA-22F9-489C-99AD-A6BBD40B0C37}.Release|Any CPU.ActiveCfg = Release|Any CPU
		{DF4E8AFA-22F9-489C-99AD-A6BBD40B0C37}.Release|Any CPU.Build.0 = Release|Any CPU
	EndGlobalSection
EndGlobal
